
Microsoft Visual Studio Solution File, Format Version 12.00
# Visual Studio Version 17
VisualStudioVersion = 17.7.34202.233
MinimumVisualStudioVersion = 10.0.40219.1
Project("{2150E333-8FDC-42A3-9474-1A3956D46DE8}") = "src", "src", "{4EEB7864-0E6C-42A8-B40E-CC0179D8F920}"
EndProject
Project("{9A19103F-16F7-4668-BE54-9A1E7A4F7556}") = "SmartGallery.Api", "src\SmartGallery.Api\SmartGallery.Api.csproj", "{EFE25527-F6C5-40E3-AD51-7C90875250A0}"
EndProject
Project("{9A19103F-16F7-4668-BE54-9A1E7A4F7556}") = "SmartGallery.Core", "src\SmartGallery.Core\SmartGallery.Core.csproj", "{F25E4C60-35E0-4035-A5D1-BE57E1ED82B0}"
EndProject
Project("{9A19103F-16F7-4668-BE54-9A1E7A4F7556}") = "SmartGallery.Repository", "src\SmartGallery.Repository\SmartGallery.Repository.csproj", "{E439C1B5-BA36-4382-8672-9E9C9DE75C9A}"
EndProject
Project("{9A19103F-16F7-4668-BE54-9A1E7A4F7556}") = "SmartGallery.Service", "src\SmartGallery.Service\SmartGallery.Service.csproj", "{0C6CAA7B-7925-4473-B093-D33045726512}"
EndProject
Project("{2150E333-8FDC-42A3-9474-1A3956D46DE8}") = "tests", "tests", "{EA835043-CA80-4CED-A5D4-C7D58047E942}"
EndProject
Project("{FAE04EC0-301F-11D3-BF4B-00C04F79EFBC}") = "SmartGallery.Api.Tests", "tests\SmartGallery.Api.Tests\SmartGallery.Api.Tests.csproj", "{BD7377D8-235E-4AED-844B-107E7B9F352F}"
EndProject
Global
	GlobalSection(SolutionConfigurationPlatforms) = preSolution
		Debug|Any CPU = Debug|Any CPU
		Release|Any CPU = Release|Any CPU
	EndGlobalSection
	GlobalSection(ProjectConfigurationPlatforms) = postSolution
		{EFE25527-F6C5-40E3-AD51-7C90875250A0}.Debug|Any CPU.ActiveCfg = Debug|Any CPU
		{EFE25527-F6C5-40E3-AD51-7C90875250A0}.Debug|Any CPU.Build.0 = Debug|Any CPU
		{EFE25527-F6C5-40E3-AD51-7C90875250A0}.Release|Any CPU.ActiveCfg = Release|Any CPU
		{EFE25527-F6C5-40E3-AD51-7C90875250A0}.Release|Any CPU.Build.0 = Release|Any CPU
		{F25E4C60-35E0-4035-A5D1-BE57E1ED82B0}.Debug|Any CPU.ActiveCfg = Debug|Any CPU
		{F25E4C60-35E0-4035-A5D1-BE57E1ED82B0}.Debug|Any CPU.Build.0 = Debug|Any CPU
		{F25E4C60-35E0-4035-A5D1-BE57E1ED82B0}.Release|Any CPU.ActiveCfg = Release|Any CPU
		{F25E4C60-35E0-4035-A5D1-BE57E1ED82B0}.Release|Any CPU.Build.0 = Release|Any CPU
		{E439C1B5-BA36-4382-8672-9E9C9DE75C9A}.Debug|Any CPU.ActiveCfg = Debug|Any CPU
		{E439C1B5-BA36-4382-8672-9E9C9DE75C9A}.Debug|Any CPU.Build.0 = Debug|Any CPU
		{E439C1B5-BA36-4382-8672-9E9C9DE75C9A}.Release|Any CPU.ActiveCfg = Release|Any CPU
		{E439C1B5-BA36-4382-8672-9E9C9DE75C9A}.Release|Any CPU.Build.0 = Release|Any CPU
		{0C6CAA7B-7925-4473-B093-D33045726512}.Debug|Any CPU.ActiveCfg = Debug|Any CPU
		{0C6CAA7B-7925-4473-B093-D33045726512}.Debug|Any CPU.Build.0 = Debug|Any CPU
		{0C6CAA7B-7925-4473-B093-D33045726512}.Release|Any CPU.ActiveCfg = Release|Any CPU
		{0C6CAA7B-7925-4473-B093-D33045726512}.Release|Any CPU.Build.0 = Release|Any CPU
		{BD7377D8-235E-4AED-844B-107E7B9F352F}.Debug|Any CPU.ActiveCfg = Debug|Any CPU
		{BD7377D8-235E-4AED-844B-107E7B9F352F}.Debug|Any CPU.Build.0 = Debug|Any CPU
		{BD7377D8-235E-4AED-844B-107E7B9F352F}.Release|Any CPU.ActiveCfg = Release|Any CPU
		{BD7377D8-235E-4AED-844B-107E7B9F352F}.Release|Any CPU.Build.0 = Release|Any CPU
	EndGlobalSection
	GlobalSection(SolutionProperties) = preSolution
		HideSolutionNode = FALSE
	EndGlobalSection
	GlobalSection(NestedProjects) = preSolution
		{EFE25527-F6C5-40E3-AD51-7C90875250A0} = {4EEB7864-0E6C-42A8-B40E-CC0179D8F920}
		{F25E4C60-35E0-4035-A5D1-BE57E1ED82B0} = {4EEB7864-0E6C-42A8-B40E-CC0179D8F920}
		{E439C1B5-BA36-4382-8672-9E9C9DE75C9A} = {4EEB7864-0E6C-42A8-B40E-CC0179D8F920}
		{0C6CAA7B-7925-4473-B093-D33045726512} = {4EEB7864-0E6C-42A8-B40E-CC0179D8F920}
		{BD7377D8-235E-4AED-844B-107E7B9F352F} = {EA835043-CA80-4CED-A5D4-C7D58047E942}
	EndGlobalSection
	GlobalSection(ExtensibilityGlobals) = postSolution
		SolutionGuid = {E4A8A190-94FE-4E04-BCF8-1BA389D31B9A}
	EndGlobalSection
EndGlobal
